
Microsoft Visual Studio Solution File, Format Version 12.00
# Visual Studio Version 17
VisualStudioVersion = 17.5.002.0
MinimumVisualStudioVersion = 10.0.40219.1
Project("{9A19103F-16F7-4668-BE54-9A1E7A4F7556}") = "minimu-number-of-K-consecutive-bit-flips", "minimu-number-of-K-consecutive-bit-flips.csproj", "{7E293A27-C90C-456C-8910-F9F535EEF3BD}"
EndProject
Global
	GlobalSection(SolutionConfigurationPlatforms) = preSolution
		Debug|Any CPU = Debug|Any CPU
		Release|Any CPU = Release|Any CPU
	EndGlobalSection
	GlobalSection(ProjectConfigurationPlatforms) = postSolution
		{7E293A27-C90C-456C-8910-F9F535EEF3BD}.Debug|Any CPU.ActiveCfg = Debug|Any CPU
		{7E293A27-C90C-456C-8910-F9F535EEF3BD}.Debug|Any CPU.Build.0 = Debug|Any CPU
		{7E293A27-C90C-456C-8910-F9F535EEF3BD}.Release|Any CPU.ActiveCfg = Release|Any CPU
		{7E293A27-C90C-456C-8910-F9F535EEF3BD}.Release|Any CPU.Build.0 = Release|Any CPU
	EndGlobalSection
	GlobalSection(SolutionProperties) = preSolution
		HideSolutionNode = FALSE
	EndGlobalSection
	GlobalSection(ExtensibilityGlobals) = postSolution
		SolutionGuid = {7B069842-E2FB-48E1-BB8A-80B0CC37EA18}
	EndGlobalSection
EndGlobal
